{
  "name": "card-game-play",
  "lockfileVersion": 2,
  "requires": true,
  "packages": {
    "": {
      "dependencies": {
        "uno": "file:../uno"
      }
    },
    "../uno": {
      "version": "1.0.0",
      "license": "ISC"
    },
    "node_modules/uno": {
      "resolved": "../uno",
      "link": true
    }
  },
  "dependencies": {
    "uno": {
      "version": "file:../uno"
    }
  }
}
